
Microsoft Visual Studio Solution File, Format Version 12.00
# Visual Studio 15
VisualStudioVersion = 15.0.26430.6
MinimumVisualStudioVersion = 10.0.40219.1
Project("{2150E333-8FDC-42A3-9474-1A3956D46DE8}") = "01 DbCommon", "01 DbCommon", "{87913449-A23E-4230-9748-A294696738F2}"
EndProject
Project("{2150E333-8FDC-42A3-9474-1A3956D46DE8}") = "06 Test", "06 Test", "{A0318C42-1300-4D3B-86B7-8FED9DC89671}"
EndProject
Project("{2150E333-8FDC-42A3-9474-1A3956D46DE8}") = "05 WEB", "05 WEB", "{09CC7871-43C2-4CC3-9ECB-B3825B1A96A1}"
EndProject
Project("{FAE04EC0-301F-11D3-BF4B-00C04F79EFBC}") = "Test", "Test\Test.csproj", "{45E8C9E4-BAAB-4D1E-BEE0-C5A8466C8102}"
EndProject
Project("{2150E333-8FDC-42A3-9474-1A3956D46DE8}") = "02 Common", "02 Common", "{70DCD6D1-8292-4EBB-81B3-39B8EAFCA5FC}"
EndProject
Project("{9A19103F-16F7-4668-BE54-9A1E7A4F7556}") = "DotnetCore.DbCommon", "DotnetCore.DbCommon\DotnetCore.DbCommon.csproj", "{C871CC28-29C0-4985-BB03-60B5445ABC9A}"
EndProject
Project("{9A19103F-16F7-4668-BE54-9A1E7A4F7556}") = "DotnetCore.Infrastructure", "DotnetCore.Infrastructure\DotnetCore.Infrastructure.csproj", "{4D20C109-7416-48A2-9311-A9D43E558EDB}"
EndProject
Project("{2150E333-8FDC-42A3-9474-1A3956D46DE8}") = "03 Factory", "03 Factory", "{2EDCE1D5-D5CD-4198-9E48-BFE9630B9394}"
EndProject
Project("{2150E333-8FDC-42A3-9474-1A3956D46DE8}") = "04 Service", "04 Service", "{29A519D6-9171-48B7-92B7-7587A46607B9}"
EndProject
Project("{FAE04EC0-301F-11D3-BF4B-00C04F79EFBC}") = "DotnetCore.IDbFactory", "DotnetCore.IDbFactory\DotnetCore.IDbFactory.csproj", "{4F6C4255-F636-4B8A-AF75-16B40C4DCFA5}"
EndProject
Project("{FAE04EC0-301F-11D3-BF4B-00C04F79EFBC}") = "DotnetCore.IRepository", "DotnetCore.IRepository\DotnetCore.IRepository.csproj", "{291B1A1D-B56C-4253-907D-54C4E40517EC}"
EndProject
Project("{FAE04EC0-301F-11D3-BF4B-00C04F79EFBC}") = "DotnetCore.Model", "DotnetCore.Model\DotnetCore.Model.csproj", "{49769580-7A12-4131-9407-6C08E5ABF2E2}"
EndProject
Project("{9A19103F-16F7-4668-BE54-9A1E7A4F7556}") = "DotnetCore.Code", "DotnetCore.Code\DotnetCore.Code.csproj", "{6A57C44A-97C7-4F73-A7FF-5009C67CB719}"
EndProject
Project("{FAE04EC0-301F-11D3-BF4B-00C04F79EFBC}") = "DotnetCore.MysqlDbFactory", "DotnetCore.MysqlDbFactory\DotnetCore.MysqlDbFactory.csproj", "{59BD2A28-D7CC-4F3E-A676-012F33386E33}"
EndProject
Project("{FAE04EC0-301F-11D3-BF4B-00C04F79EFBC}") = "DotnetCore.SqlServerDbFactory", "DotnetCore.SqlServerDbFactory\DotnetCore.SqlServerDbFactory.csproj", "{DBABF769-3ED8-4A7F-BCC7-3BDF2EFD8909}"
EndProject
Project("{FAE04EC0-301F-11D3-BF4B-00C04F79EFBC}") = "DotnetCore.Repository", "DotnetCore.Repository\DotnetCore.Repository.csproj", "{90AA23F2-0C18-419D-9DFC-5DC88E7E9DF1}"
EndProject
Project("{FAE04EC0-301F-11D3-BF4B-00C04F79EFBC}") = "DotnetCore.Service", "DotnetCore.Service\DotnetCore.Service.csproj", "{EE924093-1252-4F98-A186-FD79844A8FD0}"
EndProject
Project("{FAE04EC0-301F-11D3-BF4B-00C04F79EFBC}") = "DotnetCore.Domain", "DotnetCore.Domain\DotnetCore.Domain.csproj", "{D46B83F7-6B66-4E28-876B-17400C4AEAFE}"
EndProject
Project("{FAE04EC0-301F-11D3-BF4B-00C04F79EFBC}") = "DotnetCode.Controller.Base", "DotnetCode.Controller.Base\DotnetCode.Controller.Base.csproj", "{335CEB4C-6DDA-464A-B7CF-BFFE6ADCB234}"
EndProject
Project("{FAE04EC0-301F-11D3-BF4B-00C04F79EFBC}") = "DotnetCoreWeb", "DotnetCoreWeb\DotnetCoreWeb.csproj", "{08DB69FA-5D32-41FC-B553-FFCCF25AD505}"
EndProject
Project("{FAE04EC0-301F-11D3-BF4B-00C04F79EFBC}") = "DotnetCoreWebDemo", "DotnetCoreWebDemo\DotnetCoreWebDemo.csproj", "{75175D03-9F16-4125-A783-15BB82498899}"
EndProject
Project("{FAE04EC0-301F-11D3-BF4B-00C04F79EFBC}") = "DotnetCore.Code.Mvc", "DotnetCore.Code.Mvc\DotnetCore.Code.Mvc.csproj", "{DFBA1916-59ED-4900-8A8E-D470E07B4FA5}"
EndProject
Project("{2150E333-8FDC-42A3-9474-1A3956D46DE8}") = "Bootstrap", "Bootstrap", "{730755DD-1F9D-4AB6-90B7-EC10F1343021}"
EndProject
Project("{FAE04EC0-301F-11D3-BF4B-00C04F79EFBC}") = "DotnetCore.Controller.Account", "DotnetCore.Controller.Account\DotnetCore.Controller.Account.csproj", "{3EC0E87A-1084-44F1-9520-06F73B65F484}"
EndProject
Project("{FAE04EC0-301F-11D3-BF4B-00C04F79EFBC}") = "DotnetCode.Controller.Permission", "DotnetCode.Controller.Permission\DotnetCode.Controller.Permission.csproj", "{25C4FFF7-6CEF-40FD-ADE0-F01656F7D815}"
EndProject
Global
	GlobalSection(SolutionConfigurationPlatforms) = preSolution
		Debug|Any CPU = Debug|Any CPU
		Release|Any CPU = Release|Any CPU
	EndGlobalSection
	GlobalSection(ProjectConfigurationPlatforms) = postSolution
		{45E8C9E4-BAAB-4D1E-BEE0-C5A8466C8102}.Debug|Any CPU.ActiveCfg = Debug|Any CPU
		{45E8C9E4-BAAB-4D1E-BEE0-C5A8466C8102}.Debug|Any CPU.Build.0 = Debug|Any CPU
		{45E8C9E4-BAAB-4D1E-BEE0-C5A8466C8102}.Release|Any CPU.ActiveCfg = Release|Any CPU
		{45E8C9E4-BAAB-4D1E-BEE0-C5A8466C8102}.Release|Any CPU.Build.0 = Release|Any CPU
		{C871CC28-29C0-4985-BB03-60B5445ABC9A}.Debug|Any CPU.ActiveCfg = Debug|Any CPU
		{C871CC28-29C0-4985-BB03-60B5445ABC9A}.Debug|Any CPU.Build.0 = Debug|Any CPU
		{C871CC28-29C0-4985-BB03-60B5445ABC9A}.Release|Any CPU.ActiveCfg = Release|Any CPU
		{C871CC28-29C0-4985-BB03-60B5445ABC9A}.Release|Any CPU.Build.0 = Release|Any CPU
		{4D20C109-7416-48A2-9311-A9D43E558EDB}.Debug|Any CPU.ActiveCfg = Debug|Any CPU
		{4D20C109-7416-48A2-9311-A9D43E558EDB}.Debug|Any CPU.Build.0 = Debug|Any CPU
		{4D20C109-7416-48A2-9311-A9D43E558EDB}.Release|Any CPU.ActiveCfg = Release|Any CPU
		{4D20C109-7416-48A2-9311-A9D43E558EDB}.Release|Any CPU.Build.0 = Release|Any CPU
		{4F6C4255-F636-4B8A-AF75-16B40C4DCFA5}.Debug|Any CPU.ActiveCfg = Debug|Any CPU
		{4F6C4255-F636-4B8A-AF75-16B40C4DCFA5}.Debug|Any CPU.Build.0 = Debug|Any CPU
		{4F6C4255-F636-4B8A-AF75-16B40C4DCFA5}.Release|Any CPU.ActiveCfg = Release|Any CPU
		{4F6C4255-F636-4B8A-AF75-16B40C4DCFA5}.Release|Any CPU.Build.0 = Release|Any CPU
		{291B1A1D-B56C-4253-907D-54C4E40517EC}.Debug|Any CPU.ActiveCfg = Debug|Any CPU
		{291B1A1D-B56C-4253-907D-54C4E40517EC}.Debug|Any CPU.Build.0 = Debug|Any CPU
		{291B1A1D-B56C-4253-907D-54C4E40517EC}.Release|Any CPU.ActiveCfg = Release|Any CPU
		{291B1A1D-B56C-4253-907D-54C4E40517EC}.Release|Any CPU.Build.0 = Release|Any CPU
		{49769580-7A12-4131-9407-6C08E5ABF2E2}.Debug|Any CPU.ActiveCfg = Debug|Any CPU
		{49769580-7A12-4131-9407-6C08E5ABF2E2}.Debug|Any CPU.Build.0 = Debug|Any CPU
		{49769580-7A12-4131-9407-6C08E5ABF2E2}.Release|Any CPU.ActiveCfg = Release|Any CPU
		{49769580-7A12-4131-9407-6C08E5ABF2E2}.Release|Any CPU.Build.0 = Release|Any CPU
		{6A57C44A-97C7-4F73-A7FF-5009C67CB719}.Debug|Any CPU.ActiveCfg = Debug|Any CPU
		{6A57C44A-97C7-4F73-A7FF-5009C67CB719}.Debug|Any CPU.Build.0 = Debug|Any CPU
		{6A57C44A-97C7-4F73-A7FF-5009C67CB719}.Release|Any CPU.ActiveCfg = Release|Any CPU
		{6A57C44A-97C7-4F73-A7FF-5009C67CB719}.Release|Any CPU.Build.0 = Release|Any CPU
		{59BD2A28-D7CC-4F3E-A676-012F33386E33}.Debug|Any CPU.ActiveCfg = Debug|Any CPU
		{59BD2A28-D7CC-4F3E-A676-012F33386E33}.Debug|Any CPU.Build.0 = Debug|Any CPU
		{59BD2A28-D7CC-4F3E-A676-012F33386E33}.Release|Any CPU.ActiveCfg = Release|Any CPU
		{59BD2A28-D7CC-4F3E-A676-012F33386E33}.Release|Any CPU.Build.0 = Release|Any CPU
		{DBABF769-3ED8-4A7F-BCC7-3BDF2EFD8909}.Debug|Any CPU.ActiveCfg = Debug|Any CPU
		{DBABF769-3ED8-4A7F-BCC7-3BDF2EFD8909}.Debug|Any CPU.Build.0 = Debug|Any CPU
		{DBABF769-3ED8-4A7F-BCC7-3BDF2EFD8909}.Release|Any CPU.ActiveCfg = Release|Any CPU
		{DBABF769-3ED8-4A7F-BCC7-3BDF2EFD8909}.Release|Any CPU.Build.0 = Release|Any CPU
		{90AA23F2-0C18-419D-9DFC-5DC88E7E9DF1}.Debug|Any CPU.ActiveCfg = Debug|Any CPU
		{90AA23F2-0C18-419D-9DFC-5DC88E7E9DF1}.Debug|Any CPU.Build.0 = Debug|Any CPU
		{90AA23F2-0C18-419D-9DFC-5DC88E7E9DF1}.Release|Any CPU.ActiveCfg = Release|Any CPU
		{90AA23F2-0C18-419D-9DFC-5DC88E7E9DF1}.Release|Any CPU.Build.0 = Release|Any CPU
		{EE924093-1252-4F98-A186-FD79844A8FD0}.Debug|Any CPU.ActiveCfg = Debug|Any CPU
		{EE924093-1252-4F98-A186-FD79844A8FD0}.Debug|Any CPU.Build.0 = Debug|Any CPU
		{EE924093-1252-4F98-A186-FD79844A8FD0}.Release|Any CPU.ActiveCfg = Release|Any CPU
		{EE924093-1252-4F98-A186-FD79844A8FD0}.Release|Any CPU.Build.0 = Release|Any CPU
		{D46B83F7-6B66-4E28-876B-17400C4AEAFE}.Debug|Any CPU.ActiveCfg = Debug|Any CPU
		{D46B83F7-6B66-4E28-876B-17400C4AEAFE}.Debug|Any CPU.Build.0 = Debug|Any CPU
		{D46B83F7-6B66-4E28-876B-17400C4AEAFE}.Release|Any CPU.ActiveCfg = Release|Any CPU
		{D46B83F7-6B66-4E28-876B-17400C4AEAFE}.Release|Any CPU.Build.0 = Release|Any CPU
		{335CEB4C-6DDA-464A-B7CF-BFFE6ADCB234}.Debug|Any CPU.ActiveCfg = Debug|Any CPU
		{335CEB4C-6DDA-464A-B7CF-BFFE6ADCB234}.Debug|Any CPU.Build.0 = Debug|Any CPU
		{335CEB4C-6DDA-464A-B7CF-BFFE6ADCB234}.Release|Any CPU.ActiveCfg = Release|Any CPU
		{335CEB4C-6DDA-464A-B7CF-BFFE6ADCB234}.Release|Any CPU.Build.0 = Release|Any CPU
		{08DB69FA-5D32-41FC-B553-FFCCF25AD505}.Debug|Any CPU.ActiveCfg = Debug|Any CPU
		{08DB69FA-5D32-41FC-B553-FFCCF25AD505}.Debug|Any CPU.Build.0 = Debug|Any CPU
		{08DB69FA-5D32-41FC-B553-FFCCF25AD505}.Release|Any CPU.ActiveCfg = Release|Any CPU
		{08DB69FA-5D32-41FC-B553-FFCCF25AD505}.Release|Any CPU.Build.0 = Release|Any CPU
		{75175D03-9F16-4125-A783-15BB82498899}.Debug|Any CPU.ActiveCfg = Debug|Any CPU
		{75175D03-9F16-4125-A783-15BB82498899}.Debug|Any CPU.Build.0 = Debug|Any CPU
		{75175D03-9F16-4125-A783-15BB82498899}.Release|Any CPU.ActiveCfg = Release|Any CPU
		{75175D03-9F16-4125-A783-15BB82498899}.Release|Any CPU.Build.0 = Release|Any CPU
		{DFBA1916-59ED-4900-8A8E-D470E07B4FA5}.Debug|Any CPU.ActiveCfg = Debug|Any CPU
		{DFBA1916-59ED-4900-8A8E-D470E07B4FA5}.Debug|Any CPU.Build.0 = Debug|Any CPU
		{DFBA1916-59ED-4900-8A8E-D470E07B4FA5}.Release|Any CPU.ActiveCfg = Release|Any CPU
		{DFBA1916-59ED-4900-8A8E-D470E07B4FA5}.Release|Any CPU.Build.0 = Release|Any CPU
		{3EC0E87A-1084-44F1-9520-06F73B65F484}.Debug|Any CPU.ActiveCfg = Debug|Any CPU
		{3EC0E87A-1084-44F1-9520-06F73B65F484}.Debug|Any CPU.Build.0 = Debug|Any CPU
		{3EC0E87A-1084-44F1-9520-06F73B65F484}.Release|Any CPU.ActiveCfg = Release|Any CPU
		{3EC0E87A-1084-44F1-9520-06F73B65F484}.Release|Any CPU.Build.0 = Release|Any CPU
		{25C4FFF7-6CEF-40FD-ADE0-F01656F7D815}.Debug|Any CPU.ActiveCfg = Debug|Any CPU
		{25C4FFF7-6CEF-40FD-ADE0-F01656F7D815}.Debug|Any CPU.Build.0 = Debug|Any CPU
		{25C4FFF7-6CEF-40FD-ADE0-F01656F7D815}.Release|Any CPU.ActiveCfg = Release|Any CPU
		{25C4FFF7-6CEF-40FD-ADE0-F01656F7D815}.Release|Any CPU.Build.0 = Release|Any CPU
	EndGlobalSection
	GlobalSection(SolutionProperties) = preSolution
		HideSolutionNode = FALSE
	EndGlobalSection
	GlobalSection(NestedProjects) = preSolution
		{45E8C9E4-BAAB-4D1E-BEE0-C5A8466C8102} = {A0318C42-1300-4D3B-86B7-8FED9DC89671}
		{C871CC28-29C0-4985-BB03-60B5445ABC9A} = {87913449-A23E-4230-9748-A294696738F2}
		{4D20C109-7416-48A2-9311-A9D43E558EDB} = {87913449-A23E-4230-9748-A294696738F2}
		{4F6C4255-F636-4B8A-AF75-16B40C4DCFA5} = {2EDCE1D5-D5CD-4198-9E48-BFE9630B9394}
		{291B1A1D-B56C-4253-907D-54C4E40517EC} = {29A519D6-9171-48B7-92B7-7587A46607B9}
		{49769580-7A12-4131-9407-6C08E5ABF2E2} = {70DCD6D1-8292-4EBB-81B3-39B8EAFCA5FC}
		{6A57C44A-97C7-4F73-A7FF-5009C67CB719} = {70DCD6D1-8292-4EBB-81B3-39B8EAFCA5FC}
		{59BD2A28-D7CC-4F3E-A676-012F33386E33} = {2EDCE1D5-D5CD-4198-9E48-BFE9630B9394}
		{DBABF769-3ED8-4A7F-BCC7-3BDF2EFD8909} = {2EDCE1D5-D5CD-4198-9E48-BFE9630B9394}
		{90AA23F2-0C18-419D-9DFC-5DC88E7E9DF1} = {29A519D6-9171-48B7-92B7-7587A46607B9}
		{EE924093-1252-4F98-A186-FD79844A8FD0} = {29A519D6-9171-48B7-92B7-7587A46607B9}
		{D46B83F7-6B66-4E28-876B-17400C4AEAFE} = {29A519D6-9171-48B7-92B7-7587A46607B9}
		{335CEB4C-6DDA-464A-B7CF-BFFE6ADCB234} = {09CC7871-43C2-4CC3-9ECB-B3825B1A96A1}
		{08DB69FA-5D32-41FC-B553-FFCCF25AD505} = {730755DD-1F9D-4AB6-90B7-EC10F1343021}
		{75175D03-9F16-4125-A783-15BB82498899} = {730755DD-1F9D-4AB6-90B7-EC10F1343021}
		{DFBA1916-59ED-4900-8A8E-D470E07B4FA5} = {70DCD6D1-8292-4EBB-81B3-39B8EAFCA5FC}
		{730755DD-1F9D-4AB6-90B7-EC10F1343021} = {09CC7871-43C2-4CC3-9ECB-B3825B1A96A1}
		{3EC0E87A-1084-44F1-9520-06F73B65F484} = {09CC7871-43C2-4CC3-9ECB-B3825B1A96A1}
		{25C4FFF7-6CEF-40FD-ADE0-F01656F7D815} = {09CC7871-43C2-4CC3-9ECB-B3825B1A96A1}
	EndGlobalSection
EndGlobal
